// !$*UTF8*$!
{
	archiveVersion = 1;
	classes = {
	};
	objectVersion = 77;
	objects = {

/* Begin PBXBuildFile section */
		1F01ADCDEB0DCCBB40708F1C /* AutoStopCheckerTests.swift in Sources */ = {isa = PBXBuildFile; fileRef = 14C777FA51793B918699B55A /* AutoStopCheckerTests.swift */; };
		52F855CD9F0D6D08ED9D0DC0 /* Prefs.swift in Sources */ = {isa = PBXBuildFile; fileRef = 4E934DA4E4D6F959613F506B /* Prefs.swift */; };
		94BE67AF91A757094B080162 /* TimelineTracksApp.swift in Sources */ = {isa = PBXBuildFile; fileRef = C4367C62BAAD71EDF2899B71 /* TimelineTracksApp.swift */; };
		A42C41D18F3529082D45828F /* Assets.xcassets in Resources */ = {isa = PBXBuildFile; fileRef = BCB4CC3FACBF445255563F49 /* Assets.xcassets */; };
		B113046A79CC06E31B15D462 /* LocationTracker.swift in Sources */ = {isa = PBXBuildFile; fileRef = F612E31734CDE447ADDC6585 /* LocationTracker.swift */; };
		D0FF5E36DBDEC2AF4F77A0FC /* PrefsTests.swift in Sources */ = {isa = PBXBuildFile; fileRef = C3407E61FB5D990D72199AF5 /* PrefsTests.swift */; };
		EA55B92EC29884FC010503B2 /* ContentView.swift in Sources */ = {isa = PBXBuildFile; fileRef = 062DB0F932639273864C4D14 /* ContentView.swift */; };
		FA11AE09D8C46F260F5670D6 /* Colors.swift in Sources */ = {isa = PBXBuildFile; fileRef = 46D3C4587295FDF031B5E44D /* Colors.swift */; };
		FB8CCA8DADBD9CF5E4FD9D97 /* PrivacyInfo.xcprivacy in Resources */ = {isa = PBXBuildFile; fileRef = AB36C4A65B08931A46598DAE /* PrivacyInfo.xcprivacy */; };
		FD4F0997914915766E48AA37 /* AutoStopChecker.swift in Sources */ = {isa = PBXBuildFile; fileRef = 47986BB2BA3F76D96D662865 /* AutoStopChecker.swift */; };
/* End PBXBuildFile section */

/* Begin PBXContainerItemProxy section */
		6C0971954E990FDB6B0B6DF8 /* PBXContainerItemProxy */ = {
			isa = PBXContainerItemProxy;
			containerPortal = 564ACAAE48C3804F045F1525 /* Project object */;
			proxyType = 1;
			remoteGlobalIDString = D2DD49061C5794C50C713A94;
			remoteInfo = TimelineTracks;
		};
/* End PBXContainerItemProxy section */

/* Begin PBXFileReference section */
		062DB0F932639273864C4D14 /* ContentView.swift */ = {isa = PBXFileReference; lastKnownFileType = sourcecode.swift; path = ContentView.swift; sourceTree = "<group>"; };
		12EE863600653172FD6A34A2 /* TimelineTracksTests.xctest */ = {isa = PBXFileReference; includeInIndex = 0; lastKnownFileType = wrapper.cfbundle; path = TimelineTracksTests.xctest; sourceTree = BUILT_PRODUCTS_DIR; };
		14C777FA51793B918699B55A /* AutoStopCheckerTests.swift */ = {isa = PBXFileReference; lastKnownFileType = sourcecode.swift; path = AutoStopCheckerTests.swift; sourceTree = "<group>"; };
		46D3C4587295FDF031B5E44D /* Colors.swift */ = {isa = PBXFileReference; lastKnownFileType = sourcecode.swift; path = Colors.swift; sourceTree = "<group>"; };
		47986BB2BA3F76D96D662865 /* AutoStopChecker.swift */ = {isa = PBXFileReference; lastKnownFileType = sourcecode.swift; path = AutoStopChecker.swift; sourceTree = "<group>"; };
		4E934DA4E4D6F959613F506B /* Prefs.swift */ = {isa = PBXFileReference; lastKnownFileType = sourcecode.swift; path = Prefs.swift; sourceTree = "<group>"; };
		6EA9529700D87035A8BF2CC3 /* TimelineTracks.app */ = {isa = PBXFileReference; includeInIndex = 0; lastKnownFileType = wrapper.application; path = TimelineTracks.app; sourceTree = BUILT_PRODUCTS_DIR; };
		AB36C4A65B08931A46598DAE /* PrivacyInfo.xcprivacy */ = {isa = PBXFileReference; path = PrivacyInfo.xcprivacy; sourceTree = "<group>"; };
		BCB4CC3FACBF445255563F49 /* Assets.xcassets */ = {isa = PBXFileReference; lastKnownFileType = folder.assetcatalog; path = Assets.xcassets; sourceTree = "<group>"; };
		C3407E61FB5D990D72199AF5 /* PrefsTests.swift */ = {isa = PBXFileReference; lastKnownFileType = sourcecode.swift; path = PrefsTests.swift; sourceTree = "<group>"; };
		C4367C62BAAD71EDF2899B71 /* TimelineTracksApp.swift */ = {isa = PBXFileReference; lastKnownFileType = sourcecode.swift; path = TimelineTracksApp.swift; sourceTree = "<group>"; };
		F612E31734CDE447ADDC6585 /* LocationTracker.swift */ = {isa = PBXFileReference; lastKnownFileType = sourcecode.swift; path = LocationTracker.swift; sourceTree = "<group>"; };
/* End PBXFileReference section */

/* Begin PBXGroup section */
		37B4DF8637F99EFD8BFEA8BE = {
			isa = PBXGroup;
			children = (
				502152BE29BD202880945968 /* TimelineTracks */,
				E120A2A4170DDE3DFE68DEE1 /* TimelineTracksTests */,
				50ADA686868D313E22EE33EF /* Products */,
			);
			sourceTree = "<group>";
		};
		502152BE29BD202880945968 /* TimelineTracks */ = {
			isa = PBXGroup;
			children = (
				BCB4CC3FACBF445255563F49 /* Assets.xcassets */,
				47986BB2BA3F76D96D662865 /* AutoStopChecker.swift */,
				46D3C4587295FDF031B5E44D /* Colors.swift */,
				062DB0F932639273864C4D14 /* ContentView.swift */,
				F612E31734CDE447ADDC6585 /* LocationTracker.swift */,
				4E934DA4E4D6F959613F506B /* Prefs.swift */,
				AB36C4A65B08931A46598DAE /* PrivacyInfo.xcprivacy */,
				C4367C62BAAD71EDF2899B71 /* TimelineTracksApp.swift */,
			);
			path = TimelineTracks;
			sourceTree = "<group>";
		};
		50ADA686868D313E22EE33EF /* Products */ = {
			isa = PBXGroup;
			children = (
				6EA9529700D87035A8BF2CC3 /* TimelineTracks.app */,
				12EE863600653172FD6A34A2 /* TimelineTracksTests.xctest */,
			);
			name = Products;
			sourceTree = "<group>";
		};
		E120A2A4170DDE3DFE68DEE1 /* TimelineTracksTests */ = {
			isa = PBXGroup;
			children = (
				14C777FA51793B918699B55A /* AutoStopCheckerTests.swift */,
				C3407E61FB5D990D72199AF5 /* PrefsTests.swift */,
			);
			path = TimelineTracksTests;
			sourceTree = "<group>";
		};
/* End PBXGroup section */

/* Begin PBXNativeTarget section */
		800753347633E4D76D16F633 /* TimelineTracksTests */ = {
			isa = PBXNativeTarget;
			buildConfigurationList = 61CFCE0B5B5E76C08752D058 /* Build configuration list for PBXNativeTarget "TimelineTracksTests" */;
			buildPhases = (
				06BDE358FE1EA8968C125CFE /* Sources */,
			);
			buildRules = (
			);
			dependencies = (
				67A615CA87ED7489DE42BA1F /* PBXTargetDependency */,
			);
			name = TimelineTracksTests;
			packageProductDependencies = (
			);
			productName = TimelineTracksTests;
			productReference = 12EE863600653172FD6A34A2 /* TimelineTracksTests.xctest */;
			productType = "com.apple.product-type.bundle.unit-test";
		};
		D2DD49061C5794C50C713A94 /* TimelineTracks */ = {
			isa = PBXNativeTarget;
			buildConfigurationList = DA1A8E1C789DC7AA80F6B44A /* Build configuration list for PBXNativeTarget "TimelineTracks" */;
			buildPhases = (
				EFA7BEF58451C624D4CF38C3 /* Sources */,
				EF816F3C2F689D642974C47A /* Resources */,
			);
			buildRules = (
			);
			dependencies = (
			);
			name = TimelineTracks;
			packageProductDependencies = (
			);
			productName = TimelineTracks;
			productReference = 6EA9529700D87035A8BF2CC3 /* TimelineTracks.app */;
			productType = "com.apple.product-type.application";
		};
/* End PBXNativeTarget section */

/* Begin PBXProject section */
		564ACAAE48C3804F045F1525 /* Project object */ = {
			isa = PBXProject;
			attributes = {
				BuildIndependentTargetsInParallel = YES;
				LastUpgradeCheck = 1430;
				TargetAttributes = {
					D2DD49061C5794C50C713A94 = {
						DevelopmentTeam = "";
						ProvisioningStyle = Automatic;
					};
				};
			};
			buildConfigurationList = FD859D614B705F14D433D7AC /* Build configuration list for PBXProject "TimelineTracks" */;
			developmentRegion = en;
			hasScannedForEncodings = 0;
			knownRegions = (
				Base,
				en,
			);
			mainGroup = 37B4DF8637F99EFD8BFEA8BE;
			minimizedProjectReferenceProxies = 1;
			preferredProjectObjectVersion = 77;
			productRefGroup = 50ADA686868D313E22EE33EF /* Products */;
			projectDirPath = "";
			projectRoot = "";
			targets = (
				D2DD49061C5794C50C713A94 /* TimelineTracks */,
				800753347633E4D76D16F633 /* TimelineTracksTests */,
			);
		};
/* End PBXProject section */

/* Begin PBXResourcesBuildPhase section */
		EF816F3C2F689D642974C47A /* Resources */ = {
			isa = PBXResourcesBuildPhase;
			buildActionMask = 2147483647;
			files = (
				A42C41D18F3529082D45828F /* Assets.xcassets in Resources */,
				FB8CCA8DADBD9CF5E4FD9D97 /* PrivacyInfo.xcprivacy in Resources */,
			);
			runOnlyForDeploymentPostprocessing = 0;
		};
/* End PBXResourcesBuildPhase section */

/* Begin PBXSourcesBuildPhase section */
		06BDE358FE1EA8968C125CFE /* Sources */ = {
			isa = PBXSourcesBuildPhase;
			buildActionMask = 2147483647;
			files = (
				1F01ADCDEB0DCCBB40708F1C /* AutoStopCheckerTests.swift in Sources */,
				D0FF5E36DBDEC2AF4F77A0FC /* PrefsTests.swift in Sources */,
			);
			runOnlyForDeploymentPostprocessing = 0;
		};
		EFA7BEF58451C624D4CF38C3 /* Sources */ = {
			isa = PBXSourcesBuildPhase;
			buildActionMask = 2147483647;
			files = (
				FD4F0997914915766E48AA37 /* AutoStopChecker.swift in Sources */,
				FA11AE09D8C46F260F5670D6 /* Colors.swift in Sources */,
				EA55B92EC29884FC010503B2 /* ContentView.swift in Sources */,
				B113046A79CC06E31B15D462 /* LocationTracker.swift in Sources */,
				52F855CD9F0D6D08ED9D0DC0 /* Prefs.swift in Sources */,
				94BE67AF91A757094B080162 /* TimelineTracksApp.swift in Sources */,
			);
			runOnlyForDeploymentPostprocessing = 0;
		};
/* End PBXSourcesBuildPhase section */

/* Begin PBXTargetDependency section */
		67A615CA87ED7489DE42BA1F /* PBXTargetDependency */ = {
			isa = PBXTargetDependency;
			target = D2DD49061C5794C50C713A94 /* TimelineTracks */;
			targetProxy = 6C0971954E990FDB6B0B6DF8 /* PBXContainerItemProxy */;
		};
/* End PBXTargetDependency section */

/* Begin XCBuildConfiguration section */
		37AAC8BAFCE83664DC0F2C08 /* Debug */ = {
			isa = XCBuildConfiguration;
			buildSettings = {
				ASSETCATALOG_COMPILER_APPICON_NAME = AppIcon;
				CODE_SIGN_IDENTITY = "iPhone Developer";
				CODE_SIGN_STYLE = Automatic;
				DEVELOPMENT_TEAM = "";
				INFOPLIST_FILE = TimelineTracks/Info.plist;
				IPHONEOS_DEPLOYMENT_TARGET = 17.0;
				LD_RUNPATH_SEARCH_PATHS = (
					"$(inherited)",
					"@executable_path/Frameworks",
				);
				PRODUCT_BUNDLE_IDENTIFIER = io.github.randywilson.timelinetracks;
				SDKROOT = iphoneos;
				TARGETED_DEVICE_FAMILY = "1,2";
			};
			name = Debug;
		};
		66E0D6E06A592B3EF8C09BC1 /* Release */ = {
			isa = XCBuildConfiguration;
			buildSettings = {
				ASSETCATALOG_COMPILER_APPICON_NAME = AppIcon;
				CODE_SIGN_IDENTITY = "iPhone Developer";
				CODE_SIGN_STYLE = Automatic;
				DEVELOPMENT_TEAM = "";
				INFOPLIST_FILE = TimelineTracks/Info.plist;
				IPHONEOS_DEPLOYMENT_TARGET = 17.0;
				LD_RUNPATH_SEARCH_PATHS = (
					"$(inherited)",
					"@executable_path/Frameworks",
				);
				PRODUCT_BUNDLE_IDENTIFIER = io.github.randywilson.timelinetracks;
				SDKROOT = iphoneos;
				TARGETED_DEVICE_FAMILY = "1,2";
			};
			name = Release;
		};
		7DF44F1B55DABC3FD2BAECA0 /* Release */ = {
			isa = XCBuildConfiguration;
			buildSettings = {
				ALWAYS_SEARCH_USER_PATHS = NO;
				CLANG_ANALYZER_NONNULL = YES;
				CLANG_ANALYZER_NUMBER_OBJECT_CONVERSION = YES_AGGRESSIVE;
				CLANG_CXX_LANGUAGE_STANDARD = "gnu++14";
				CLANG_CXX_LIBRARY = "libc++";
				CLANG_ENABLE_MODULES = YES;
				CLANG_ENABLE_OBJC_ARC = YES;
				CLANG_ENABLE_OBJC_WEAK = YES;
				CLANG_WARN_BLOCK_CAPTURE_AUTORELEASING = YES;
				CLANG_WARN_BOOL_CONVERSION = YES;
				CLANG_WARN_COMMA = YES;
				CLANG_WARN_CONSTANT_CONVERSION = YES;
				CLANG_WARN_DEPRECATED_OBJC_IMPLEMENTATIONS = YES;
				CLANG_WARN_DIRECT_OBJC_ISA_USAGE = YES_ERROR;
				CLANG_WARN_DOCUMENTATION_COMMENTS = YES;
				CLANG_WARN_EMPTY_BODY = YES;
				CLANG_WARN_ENUM_CONVERSION = YES;
				CLANG_WARN_INFINITE_RECURSION = YES;
				CLANG_WARN_INT_CONVERSION = YES;
				CLANG_WARN_NON_LITERAL_NULL_CONVERSION = YES;
				CLANG_WARN_OBJC_IMPLICIT_RETAIN_SELF = YES;
				CLANG_WARN_OBJC_LITERAL_CONVERSION = YES;
				CLANG_WARN_OBJC_ROOT_CLASS = YES_ERROR;
				CLANG_WARN_QUOTED_INCLUDE_IN_FRAMEWORK_HEADER = YES;
				CLANG_WARN_RANGE_LOOP_ANALYSIS = YES;
				CLANG_WARN_STRICT_PROTOTYPES = YES;
				CLANG_WARN_SUSPICIOUS_MOVE = YES;
				CLANG_WARN_UNGUARDED_AVAILABILITY = YES_AGGRESSIVE;
				CLANG_WARN_UNREACHABLE_CODE = YES;
				CLANG_WARN__DUPLICATE_METHOD_MATCH = YES;
				COPY_PHASE_STRIP = NO;
				CURRENT_PROJECT_VERSION = 1;
				DEBUG_INFORMATION_FORMAT = "dwarf-with-dsym";
				ENABLE_NS_ASSERTIONS = NO;
				ENABLE_STRICT_OBJC_MSGSEND = YES;
				GCC_C_LANGUAGE_STANDARD = gnu11;
				GCC_NO_COMMON_BLOCKS = YES;
				GCC_WARN_64_TO_32_BIT_CONVERSION = YES;
				GCC_WARN_ABOUT_RETURN_TYPE = YES_ERROR;
				GCC_WARN_UNDECLARED_SELECTOR = YES;
				GCC_WARN_UNINITIALIZED_AUTOS = YES_AGGRESSIVE;
				GCC_WARN_UNUSED_FUNCTION = YES;
				GCC_WARN_UNUSED_VARIABLE = YES;
				IPHONEOS_DEPLOYMENT_TARGET = 17.0;
				MARKETING_VERSION = 1.0;
				MTL_ENABLE_DEBUG_INFO = NO;
				MTL_FAST_MATH = YES;
				PRODUCT_NAME = "Timeline Tracks";
				SDKROOT = iphoneos;
				SWIFT_COMPILATION_MODE = wholemodule;
				SWIFT_OPTIMIZATION_LEVEL = "-O";
				SWIFT_VERSION = 5.9;
			};
			name = Release;
		};
		856F66A41A94F6A311D5ACC2 /* Debug */ = {
			isa = XCBuildConfiguration;
			buildSettings = {
				BUNDLE_LOADER = "$(TEST_HOST)";
				IPHONEOS_DEPLOYMENT_TARGET = 17.0;
				LD_RUNPATH_SEARCH_PATHS = (
					"$(inherited)",
					"@executable_path/Frameworks",
					"@loader_path/Frameworks",
				);
				PRODUCT_BUNDLE_IDENTIFIER = io.github.randywilson.timelinetracksTests;
				SDKROOT = iphoneos;
				TARGETED_DEVICE_FAMILY = "1,2";
				TEST_HOST = "$(BUILT_PRODUCTS_DIR)/TimelineTracks.app/TimelineTracks";
			};
			name = Debug;
		};
		97E277B3D78A4CB5168418FB /* Debug */ = {
			isa = XCBuildConfiguration;
			buildSettings = {
				ALWAYS_SEARCH_USER_PATHS = NO;
				CLANG_ANALYZER_NONNULL = YES;
				CLANG_ANALYZER_NUMBER_OBJECT_CONVERSION = YES_AGGRESSIVE;
				CLANG_CXX_LANGUAGE_STANDARD = "gnu++14";
				CLANG_CXX_LIBRARY = "libc++";
				CLANG_ENABLE_MODULES = YES;
				CLANG_ENABLE_OBJC_ARC = YES;
				CLANG_ENABLE_OBJC_WEAK = YES;
				CLANG_WARN_BLOCK_CAPTURE_AUTORELEASING = YES;
				CLANG_WARN_BOOL_CONVERSION = YES;
				CLANG_WARN_COMMA = YES;
				CLANG_WARN_CONSTANT_CONVERSION = YES;
				CLANG_WARN_DEPRECATED_OBJC_IMPLEMENTATIONS = YES;
				CLANG_WARN_DIRECT_OBJC_ISA_USAGE = YES_ERROR;
				CLANG_WARN_DOCUMENTATION_COMMENTS = YES;
				CLANG_WARN_EMPTY_BODY = YES;
				CLANG_WARN_ENUM_CONVERSION = YES;
				CLANG_WARN_INFINITE_RECURSION = YES;
				CLANG_WARN_INT_CONVERSION = YES;
				CLANG_WARN_NON_LITERAL_NULL_CONVERSION = YES;
				CLANG_WARN_OBJC_IMPLICIT_RETAIN_SELF = YES;
				CLANG_WARN_OBJC_LITERAL_CONVERSION = YES;
				CLANG_WARN_OBJC_ROOT_CLASS = YES_ERROR;
				CLANG_WARN_QUOTED_INCLUDE_IN_FRAMEWORK_HEADER = YES;
				CLANG_WARN_RANGE_LOOP_ANALYSIS = YES;
				CLANG_WARN_STRICT_PROTOTYPES = YES;
				CLANG_WARN_SUSPICIOUS_MOVE = YES;
				CLANG_WARN_UNGUARDED_AVAILABILITY = YES_AGGRESSIVE;
				CLANG_WARN_UNREACHABLE_CODE = YES;
				CLANG_WARN__DUPLICATE_METHOD_MATCH = YES;
				COPY_PHASE_STRIP = NO;
				CURRENT_PROJECT_VERSION = 1;
				DEBUG_INFORMATION_FORMAT = dwarf;
				ENABLE_STRICT_OBJC_MSGSEND = YES;
				ENABLE_TESTABILITY = YES;
				GCC_C_LANGUAGE_STANDARD = gnu11;
				GCC_DYNAMIC_NO_PIC = NO;
				GCC_NO_COMMON_BLOCKS = YES;
				GCC_OPTIMIZATION_LEVEL = 0;
				GCC_PREPROCESSOR_DEFINITIONS = (
					"$(inherited)",
					"DEBUG=1",
				);
				GCC_WARN_64_TO_32_BIT_CONVERSION = YES;
				GCC_WARN_ABOUT_RETURN_TYPE = YES_ERROR;
				GCC_WARN_UNDECLARED_SELECTOR = YES;
				GCC_WARN_UNINITIALIZED_AUTOS = YES_AGGRESSIVE;
				GCC_WARN_UNUSED_FUNCTION = YES;
				GCC_WARN_UNUSED_VARIABLE = YES;
				IPHONEOS_DEPLOYMENT_TARGET = 17.0;
				MARKETING_VERSION = 1.0;
				MTL_ENABLE_DEBUG_INFO = INCLUDE_SOURCE;
				MTL_FAST_MATH = YES;
				ONLY_ACTIVE_ARCH = YES;
				PRODUCT_NAME = "Timeline Tracks";
				SDKROOT = iphoneos;
				SWIFT_ACTIVE_COMPILATION_CONDITIONS = DEBUG;
				SWIFT_OPTIMIZATION_LEVEL = "-Onone";
				SWIFT_VERSION = 5.9;
			};
			name = Debug;
		};
		F13943AC6275BB274135077C /* Release */ = {
			isa = XCBuildConfiguration;
			buildSettings = {
				BUNDLE_LOADER = "$(TEST_HOST)";
				IPHONEOS_DEPLOYMENT_TARGET = 17.0;
				LD_RUNPATH_SEARCH_PATHS = (
					"$(inherited)",
					"@executable_path/Frameworks",
					"@loader_path/Frameworks",
				);
				PRODUCT_BUNDLE_IDENTIFIER = io.github.randywilson.timelinetracksTests;
				SDKROOT = iphoneos;
				TARGETED_DEVICE_FAMILY = "1,2";
				TEST_HOST = "$(BUILT_PRODUCTS_DIR)/TimelineTracks.app/TimelineTracks";
			};
			name = Release;
		};
/* End XCBuildConfiguration section */

/* Begin XCConfigurationList section */
		61CFCE0B5B5E76C08752D058 /* Build configuration list for PBXNativeTarget "TimelineTracksTests" */ = {
			isa = XCConfigurationList;
			buildConfigurations = (
				856F66A41A94F6A311D5ACC2 /* Debug */,
				F13943AC6275BB274135077C /* Release */,
			);
			defaultConfigurationIsVisible = 0;
			defaultConfigurationName = Debug;
		};
		DA1A8E1C789DC7AA80F6B44A /* Build configuration list for PBXNativeTarget "TimelineTracks" */ = {
			isa = XCConfigurationList;
			buildConfigurations = (
				37AAC8BAFCE83664DC0F2C08 /* Debug */,
				66E0D6E06A592B3EF8C09BC1 /* Release */,
			);
			defaultConfigurationIsVisible = 0;
			defaultConfigurationName = Debug;
		};
		FD859D614B705F14D433D7AC /* Build configuration list for PBXProject "TimelineTracks" */ = {
			isa = XCConfigurationList;
			buildConfigurations = (
				97E277B3D78A4CB5168418FB /* Debug */,
				7DF44F1B55DABC3FD2BAECA0 /* Release */,
			);
			defaultConfigurationIsVisible = 0;
			defaultConfigurationName = Debug;
		};
/* End XCConfigurationList section */
	};
	rootObject = 564ACAAE48C3804F045F1525 /* Project object */;
}
